<Project xmlns="http://schemas.microsoft.com/developer/msbuild/2003">
    <PropertyGroup>
        <ProjectGuid>{2714F32A-EFD6-4263-A07C-9B9EFC7182D7}</ProjectGuid>
        <ProjectVersion>20.3</ProjectVersion>
        <FrameworkType>VCL</FrameworkType>
        <Base>True</Base>
        <Config Condition="'$(Config)'==''">Debug</Config>
        <Platform Condition="'$(Platform)'==''">Win64</Platform>
        <TargetedPlatforms>3</TargetedPlatforms>
        <AppType>Application</AppType>
        <MainSource>SPDemo.dpr</MainSource>
    </PropertyGroup>
    <PropertyGroup Condition="'$(Config)'=='Base' or '$(Base)'!=''">
        <Base>true</Base>
    </PropertyGroup>
    <PropertyGroup Condition="('$(Platform)'=='Win32' and '$(Base)'=='true') or '$(Base_Win32)'!=''">
        <Base_Win32>true</Base_Win32>
        <CfgParent>Base</CfgParent>
        <Base>true</Base>
    </PropertyGroup>
    <PropertyGroup Condition="('$(Platform)'=='Win64' and '$(Base)'=='true') or '$(Base_Win64)'!=''">
        <Base_Win64>true</Base_Win64>
        <CfgParent>Base</CfgParent>
        <Base>true</Base>
    </PropertyGroup>
    <PropertyGroup Condition="'$(Config)'=='Debug' or '$(Cfg_1)'!=''">
        <Cfg_1>true</Cfg_1>
        <CfgParent>Base</CfgParent>
        <Base>true</Base>
    </PropertyGroup>
    <PropertyGroup Condition="('$(Platform)'=='Win32' and '$(Cfg_1)'=='true') or '$(Cfg_1_Win32)'!=''">
        <Cfg_1_Win32>true</Cfg_1_Win32>
        <CfgParent>Cfg_1</CfgParent>
        <Cfg_1>true</Cfg_1>
        <Base>true</Base>
    </PropertyGroup>
    <PropertyGroup Condition="('$(Platform)'=='Win64' and '$(Cfg_1)'=='true') or '$(Cfg_1_Win64)'!=''">
        <Cfg_1_Win64>true</Cfg_1_Win64>
        <CfgParent>Cfg_1</CfgParent>
        <Cfg_1>true</Cfg_1>
        <Base>true</Base>
    </PropertyGroup>
    <PropertyGroup Condition="'$(Config)'=='Release' or '$(Cfg_2)'!=''">
        <Cfg_2>true</Cfg_2>
        <CfgParent>Base</CfgParent>
        <Base>true</Base>
    </PropertyGroup>
    <PropertyGroup Condition="('$(Platform)'=='Win32' and '$(Cfg_2)'=='true') or '$(Cfg_2_Win32)'!=''">
        <Cfg_2_Win32>true</Cfg_2_Win32>
        <CfgParent>Cfg_2</CfgParent>
        <Cfg_2>true</Cfg_2>
        <Base>true</Base>
    </PropertyGroup>
    <PropertyGroup Condition="('$(Platform)'=='Win64' and '$(Cfg_2)'=='true') or '$(Cfg_2_Win64)'!=''">
        <Cfg_2_Win64>true</Cfg_2_Win64>
        <CfgParent>Cfg_2</CfgParent>
        <Cfg_2>true</Cfg_2>
        <Base>true</Base>
    </PropertyGroup>
    <PropertyGroup Condition="'$(Base)'!=''">
        <DCC_E>false</DCC_E>
        <DCC_N>false</DCC_N>
        <DCC_S>false</DCC_S>
        <DCC_F>false</DCC_F>
        <DCC_K>false</DCC_K>
        <DCC_Namespace>System;Xml;Data;Datasnap;Web;Soap;Vcl;Vcl.Imaging;Vcl.Touch;Vcl.Samples;Vcl.Shell;$(DCC_Namespace)</DCC_Namespace>
        <Icon_MainIcon>$(BDS)\bin\delphi_PROJECTICON.ico</Icon_MainIcon>
        <UWP_DelphiLogo44>$(BDS)\bin\Artwork\Windows\UWP\delphi_UwpDefault_44.png</UWP_DelphiLogo44>
        <UWP_DelphiLogo150>$(BDS)\bin\Artwork\Windows\UWP\delphi_UwpDefault_150.png</UWP_DelphiLogo150>
        <VerInfo_Locale>1040</VerInfo_Locale>
        <SanitizedProjectName>SPDemo</SanitizedProjectName>
        <VerInfo_Keys>CompanyName=;FileDescription=$(MSBuildProjectName);FileVersion=1.0.0.0;InternalName=;LegalCopyright=;LegalTrademarks=;OriginalFilename=;ProgramID=com.embarcadero.$(MSBuildProjectName);ProductName=$(MSBuildProjectName);ProductVersion=1.0.0.0;Comments=</VerInfo_Keys>
        <Custom_Styles>&quot;Sapphire Kamri|VCLSTYLE|$(BDSCOMMONDIR)\Styles\SapphireKamri.vsf&quot;</Custom_Styles>
        <DCC_ExeOutput>..\bin</DCC_ExeOutput>
        <DCC_DcuOutput>.\$(Platform)\$(Config)</DCC_DcuOutput>
    </PropertyGroup>
    <PropertyGroup Condition="'$(Base_Win32)'!=''">
        <DCC_UsePackage>JvNet;vclwinx;DataSnapServer;rbIDE2128;dacvcl280;ibdac280;rbTC2128;fmx;emshosting;vclie;DbxCommonDriver;bindengine;IndyIPCommon;VCLRESTComponents;DBXMSSQLDriver;FireDACCommonODBC;emsclient;FireDACCommonDriver;rbBDE2128;appanalytics;IndyProtocols;vclx;IndyIPClient;dbxcds;vcledge;dac280;ibdacfmx280;bindcompvclwinx;FmxTeeUI;ibdacvcl280;unidac280;emsedge;bindcompfmx;DBXFirebirdDriver;JvBands;StyleControls_d11Alexandria;inetdb;JvAppFrm;ibmonitor;FireDACSqliteDriver;DbxClientDriver;BarcodeStudio_XE11;FireDACASADriver;Tee;soapmidas;JclVcl;vclactnband;TeeUI;fmxFireDAC;dbexpress;Jcl;JvManagedThreads;FireDACInfxDriver;DBXMySQLDriver;VclSmp;inet;DataSnapCommon;JvPascalInterpreter;dacfmx280;unidacvcl280;vcltouch;fmxase;JvPluginSystem;DBXOdbcDriver;JvDB;dbrtl;JvTimeFramework;FireDACDBXDriver;FireDACOracleDriver;fmxdae;TeeDB;VCLXDBGrid280;FireDACMSAccDriver;JvCustom;CustomIPTransport;FireDACMSSQLDriver;JvSystem;rbRCL2128;DataSnapIndy10ServerTransport;JclDeveloperTools;JvControls;BarcodeReportBuilder_XE11;DataSnapConnectors;vcldsnap;DBXInterBaseDriver;JvCrypt;FireDACMongoDBDriver;JvJans;JvMM;IndySystem;JvWizards;FireDACTDataDriver;JvGlobus;vcldb;ibxbindings;JclContainers;JvPageComps;vclFireDAC;JvCore;vquery280;bindcomp;FireDACCommon;DataSnapServerMidas;FireDACODBCDriver;emsserverresource;unidacfmx280;IndyCore;RESTBackendComponents;EasyLib.Core;bindcompdbx;rbCloudSC2128;rtl;FireDACMySQLDriver;FireDACADSDriver;rbUSERDesign2128;RESTComponents;DBXSqliteDriver;vcl;IndyIPServer;dsnapxml;dsnapcon;DataSnapClient;DataSnapProviderClient;adortl;JvDotNetCtrls;JvHMI;DBXSybaseASEDriver;JvRuntimeDesign;rbTCUI2128;DBXDb2Driver;JvXPCtrls;vclimg;DataSnapFireDAC;emsclientfiredac;FireDACPgDriver;FireDAC;FireDACDSDriver;inetdbxpress;xmlrtl;tethering;JvStdCtrls;ibxpress;JvDlgs;JvDocking;bindcompvcl;dsnap;JvPrintPreview;JvCmp;crcontrols280;CloudService;DBXSybaseASADriver;DBXOracleDriver;FireDACDb2Driver;DBXInformixDriver;rbUSER2128;vclib;fmxobj;bindcompvclsmp;FMXTee;DataSnapNativeClient;DatasnapConnectorsFreePascal;soaprtl;soapserver;FireDACIBDriver;$(DCC_UsePackage)</DCC_UsePackage>
        <DCC_Namespace>Winapi;System.Win;Data.Win;Datasnap.Win;Web.Win;Soap.Win;Xml.Win;Bde;$(DCC_Namespace)</DCC_Namespace>
        <BT_BuildType>Debug</BT_BuildType>
        <VerInfo_IncludeVerInfo>true</VerInfo_IncludeVerInfo>
        <VerInfo_Locale>1033</VerInfo_Locale>
        <Manifest_File>$(BDS)\bin\default_app.manifest</Manifest_File>
        <AppDPIAwarenessMode>none</AppDPIAwarenessMode>
    </PropertyGroup>
    <PropertyGroup Condition="'$(Base_Win64)'!=''">
        <DCC_UsePackage>vclwinx;DataSnapServer;fmx;emshosting;vclie;DbxCommonDriver;bindengine;IndyIPCommon;VCLRESTComponents;DBXMSSQLDriver;FireDACCommonODBC;emsclient;FireDACCommonDriver;appanalytics;IndyProtocols;vclx;IndyIPClient;dbxcds;vcledge;bindcompvclwinx;FmxTeeUI;emsedge;bindcompfmx;DBXFirebirdDriver;StyleControls_d11Alexandria;inetdb;ibmonitor;FireDACSqliteDriver;DbxClientDriver;FireDACASADriver;Tee;soapmidas;vclactnband;TeeUI;fmxFireDAC;dbexpress;FireDACInfxDriver;DBXMySQLDriver;VclSmp;inet;DataSnapCommon;vcltouch;fmxase;DBXOdbcDriver;dbrtl;FireDACDBXDriver;FireDACOracleDriver;fmxdae;TeeDB;FireDACMSAccDriver;CustomIPTransport;FireDACMSSQLDriver;DataSnapIndy10ServerTransport;DataSnapConnectors;vcldsnap;DBXInterBaseDriver;FireDACMongoDBDriver;IndySystem;FireDACTDataDriver;vcldb;ibxbindings;vclFireDAC;bindcomp;FireDACCommon;DataSnapServerMidas;FireDACODBCDriver;emsserverresource;IndyCore;RESTBackendComponents;bindcompdbx;rtl;FireDACMySQLDriver;FireDACADSDriver;RESTComponents;DBXSqliteDriver;vcl;IndyIPServer;dsnapxml;dsnapcon;DataSnapClient;DataSnapProviderClient;adortl;DBXSybaseASEDriver;DBXDb2Driver;vclimg;DataSnapFireDAC;emsclientfiredac;FireDACPgDriver;FireDAC;FireDACDSDriver;inetdbxpress;xmlrtl;tethering;ibxpress;bindcompvcl;dsnap;CloudService;DBXSybaseASADriver;DBXOracleDriver;FireDACDb2Driver;DBXInformixDriver;vclib;fmxobj;bindcompvclsmp;FMXTee;DataSnapNativeClient;DatasnapConnectorsFreePascal;soaprtl;soapserver;FireDACIBDriver;$(DCC_UsePackage)</DCC_UsePackage>
        <DCC_Namespace>Winapi;System.Win;Data.Win;Datasnap.Win;Web.Win;Soap.Win;Xml.Win;$(DCC_Namespace)</DCC_Namespace>
        <BT_BuildType>Debug</BT_BuildType>
        <VerInfo_IncludeVerInfo>true</VerInfo_IncludeVerInfo>
        <VerInfo_Locale>1033</VerInfo_Locale>
        <Manifest_File>$(BDS)\bin\default_app.manifest</Manifest_File>
        <DCC_ExeOutput>..\bin64</DCC_ExeOutput>
        <AppDPIAwarenessMode>none</AppDPIAwarenessMode>
    </PropertyGroup>
    <PropertyGroup Condition="'$(Cfg_1)'!=''">
        <DCC_Define>DEBUG;$(DCC_Define)</DCC_Define>
        <DCC_DebugDCUs>true</DCC_DebugDCUs>
        <DCC_Optimize>false</DCC_Optimize>
        <DCC_GenerateStackFrames>true</DCC_GenerateStackFrames>
        <DCC_DebugInfoInExe>true</DCC_DebugInfoInExe>
        <DCC_RemoteDebug>true</DCC_RemoteDebug>
        <DCC_IntegerOverflowCheck>true</DCC_IntegerOverflowCheck>
        <DCC_RangeChecking>true</DCC_RangeChecking>
    </PropertyGroup>
    <PropertyGroup Condition="'$(Cfg_1_Win32)'!=''">
        <DCC_RemoteDebug>false</DCC_RemoteDebug>
        <AppDPIAwarenessMode>PerMonitorV2</AppDPIAwarenessMode>
        <VerInfo_IncludeVerInfo>true</VerInfo_IncludeVerInfo>
        <VerInfo_Locale>1033</VerInfo_Locale>
    </PropertyGroup>
    <PropertyGroup Condition="'$(Cfg_1_Win64)'!=''">
        <AppDPIAwarenessMode>PerMonitorV2</AppDPIAwarenessMode>
    </PropertyGroup>
    <PropertyGroup Condition="'$(Cfg_2)'!=''">
        <DCC_LocalDebugSymbols>false</DCC_LocalDebugSymbols>
        <DCC_Define>RELEASE;$(DCC_Define)</DCC_Define>
        <DCC_SymbolReferenceInfo>0</DCC_SymbolReferenceInfo>
        <DCC_DebugInformation>0</DCC_DebugInformation>
    </PropertyGroup>
    <PropertyGroup Condition="'$(Cfg_2_Win32)'!=''">
        <AppDPIAwarenessMode>PerMonitorV2</AppDPIAwarenessMode>
        <VerInfo_IncludeVerInfo>true</VerInfo_IncludeVerInfo>
        <VerInfo_Locale>1033</VerInfo_Locale>
    </PropertyGroup>
    <PropertyGroup Condition="'$(Cfg_2_Win64)'!=''">
        <AppDPIAwarenessMode>PerMonitorV2</AppDPIAwarenessMode>
    </PropertyGroup>
    <ItemGroup>
        <DelphiCompile Include="$(MainSource)">
            <MainSource>MainSource</MainSource>
        </DelphiCompile>
        <DCCReference Include="SAML.Form.Main.pas">
            <Form>MainForm</Form>
            <FormType>dfm</FormType>
        </DCCReference>
        <DCCReference Include="..\..\Sources\SAML.XML.Utils.pas"/>
        <DCCReference Include="..\..\Sources\bindings\libexslt.pas"/>
        <DCCReference Include="..\..\Sources\bindings\libxml2.pas"/>
        <DCCReference Include="..\..\Sources\bindings\libxmlsec.pas"/>
        <DCCReference Include="..\..\Sources\bindings\libxslt.pas"/>
        <DCCReference Include="..\..\Sources\SAML.Config.pas"/>
        <DCCReference Include="SAML.http.Server.pas">
            <Form>modHttpServer</Form>
            <FormType>dfm</FormType>
            <DesignClass>TDataModule</DesignClass>
        </DCCReference>
        <DCCReference Include="..\..\Sources\SAML.Metadata.pas"/>
        <DCCReference Include="..\..\Sources\SAML.Request.pas"/>
        <DCCReference Include="..\..\Sources\SAML.Core.pas"/>
        <BuildConfiguration Include="Release">
            <Key>Cfg_2</Key>
            <CfgParent>Base</CfgParent>
        </BuildConfiguration>
        <BuildConfiguration Include="Base">
            <Key>Base</Key>
        </BuildConfiguration>
        <BuildConfiguration Include="Debug">
            <Key>Cfg_1</Key>
            <CfgParent>Base</CfgParent>
        </BuildConfiguration>
    </ItemGroup>
    <ProjectExtensions>
        <Borland.Personality>Delphi.Personality.12</Borland.Personality>
        <Borland.ProjectType>Application</Borland.ProjectType>
        <BorlandProject>
            <Delphi.Personality>
                <Source>
                    <Source Name="MainSource">SPDemo.dpr</Source>
                </Source>
                <Excluded_Packages/>
            </Delphi.Personality>
            <Platforms>
                <Platform value="Win32">True</Platform>
                <Platform value="Win64">True</Platform>
            </Platforms>
        </BorlandProject>
        <ProjectFileVersion>12</ProjectFileVersion>
    </ProjectExtensions>
    <Import Project="$(BDS)\Bin\CodeGear.Delphi.Targets" Condition="Exists('$(BDS)\Bin\CodeGear.Delphi.Targets')"/>
    <Import Project="$(APPDATA)\Embarcadero\$(BDSAPPDATABASEDIR)\$(PRODUCTVERSION)\UserTools.proj" Condition="Exists('$(APPDATA)\Embarcadero\$(BDSAPPDATABASEDIR)\$(PRODUCTVERSION)\UserTools.proj')"/>
</Project>
